
Microsoft Visual Studio Solution File, Format Version 12.00
# Visual Studio Version 17
VisualStudioVersion = 17.4.33213.308
MinimumVisualStudioVersion = 10.0.40219.1
Project("{FAE04EC0-301F-11D3-BF4B-00C04F79EFBC}") = "AddingSplitButtonComponent.Server", "Server\AddingSplitButtonComponent.Server.csproj", "{E1A22BF1-80C9-427D-BAF2-D7093B0686B3}"
EndProject
Project("{FAE04EC0-301F-11D3-BF4B-00C04F79EFBC}") = "AddingSplitButtonComponent.Client", "Client\AddingSplitButtonComponent.Client.csproj", "{1B414A55-84C4-499F-8AD9-0D0BE2A2F23E}"
EndProject
Project("{FAE04EC0-301F-11D3-BF4B-00C04F79EFBC}") = "AddingSplitButtonComponent.Shared", "Shared\AddingSplitButtonComponent.Shared.csproj", "{683BD4F6-1030-4E82-B69D-1AF53963B492}"
EndProject
Global
	GlobalSection(SolutionConfigurationPlatforms) = preSolution
		Debug|Any CPU = Debug|Any CPU
		Release|Any CPU = Release|Any CPU
	EndGlobalSection
	GlobalSection(ProjectConfigurationPlatforms) = postSolution
		{E1A22BF1-80C9-427D-BAF2-D7093B0686B3}.Debug|Any CPU.ActiveCfg = Debug|Any CPU
		{E1A22BF1-80C9-427D-BAF2-D7093B0686B3}.Debug|Any CPU.Build.0 = Debug|Any CPU
		{E1A22BF1-80C9-427D-BAF2-D7093B0686B3}.Release|Any CPU.ActiveCfg = Release|Any CPU
		{E1A22BF1-80C9-427D-BAF2-D7093B0686B3}.Release|Any CPU.Build.0 = Release|Any CPU
		{1B414A55-84C4-499F-8AD9-0D0BE2A2F23E}.Debug|Any CPU.ActiveCfg = Debug|Any CPU
		{1B414A55-84C4-499F-8AD9-0D0BE2A2F23E}.Debug|Any CPU.Build.0 = Debug|Any CPU
		{1B414A55-84C4-499F-8AD9-0D0BE2A2F23E}.Release|Any CPU.ActiveCfg = Release|Any CPU
		{1B414A55-84C4-499F-8AD9-0D0BE2A2F23E}.Release|Any CPU.Build.0 = Release|Any CPU
		{683BD4F6-1030-4E82-B69D-1AF53963B492}.Debug|Any CPU.ActiveCfg = Debug|Any CPU
		{683BD4F6-1030-4E82-B69D-1AF53963B492}.Debug|Any CPU.Build.0 = Debug|Any CPU
		{683BD4F6-1030-4E82-B69D-1AF53963B492}.Release|Any CPU.ActiveCfg = Release|Any CPU
		{683BD4F6-1030-4E82-B69D-1AF53963B492}.Release|Any CPU.Build.0 = Release|Any CPU
	EndGlobalSection
	GlobalSection(SolutionProperties) = preSolution
		HideSolutionNode = FALSE
	EndGlobalSection
	GlobalSection(ExtensibilityGlobals) = postSolution
		SolutionGuid = {883B915F-EAA2-4C97-A09F-256A6A14F85C}
	EndGlobalSection
EndGlobal
